{
  "lockfileVersion": 1,
  "workspaces": {
    "": {
      "dependencies": {
        "prisma-extension-pagination": "^0.7.5",
      },
    },
  },
  "packages": {
    "@prisma/client": ["@prisma/client@6.14.0", "", { "peerDependencies": { "prisma": "*", "typescript": ">=5.1.0" }, "optionalPeers": ["prisma", "typescript"] }, "sha512-8E/Nk3eL5g7RQIg/LUj1ICyDmhD053STjxrPxUtCRybs2s/2sOEcx9NpITuAOPn07HEpWBfhAVe1T/HYWXUPOw=="],

    "prisma-extension-pagination": ["prisma-extension-pagination@0.7.5", "", { "peerDependencies": { "@prisma/client": "^4.9.0 || ^5.0.0 || ^6.0.0" } }, "sha512-tMcdOKryuqMrErsf14bmTKPtv25jJ0Cr1799dCr6AXZukrKf7Jz7MEtFD9VUuh+swsq1dYYJQVvmLUlzgAObyA=="],
  }
}
